// !$*UTF8*$!
{
	archiveVersion = 1;
	classes = {
	};
	objectVersion = 56;
	objects = {

/* Begin PBXBuildFile section */
		23F323952965D13F00E85685 /* AppDelegate.swift in Sources */ = {isa = PBXBuildFile; fileRef = 23F323942965D13F00E85685 /* AppDelegate.swift */; };
		23F323972965D13F00E85685 /* SceneDelegate.swift in Sources */ = {isa = PBXBuildFile; fileRef = 23F323962965D13F00E85685 /* SceneDelegate.swift */; };
		23F323992965D13F00E85685 /* ViewController.swift in Sources */ = {isa = PBXBuildFile; fileRef = 23F323982965D13F00E85685 /* ViewController.swift */; };
		23F3239C2965D13F00E85685 /* Main.storyboard in Resources */ = {isa = PBXBuildFile; fileRef = 23F3239A2965D13F00E85685 /* Main.storyboard */; };
		23F3239E2965D14100E85685 /* Assets.xcassets in Resources */ = {isa = PBXBuildFile; fileRef = 23F3239D2965D14100E85685 /* Assets.xcassets */; };
		23F323A12965D14100E85685 /* LaunchScreen.storyboard in Resources */ = {isa = PBXBuildFile; fileRef = 23F3239F2965D14100E85685 /* LaunchScreen.storyboard */; };
		23F323A92965D15A00E85685 /* AccountView.swift in Sources */ = {isa = PBXBuildFile; fileRef = 23F323A82965D15A00E85685 /* AccountView.swift */; };
		23F323AC2965D17100E85685 /* SnapKit in Frameworks */ = {isa = PBXBuildFile; productRef = 23F323AB2965D17100E85685 /* SnapKit */; };
		23F323AE2965D33E00E85685 /* AccountViewInfo.swift in Sources */ = {isa = PBXBuildFile; fileRef = 23F323AD2965D33E00E85685 /* AccountViewInfo.swift */; };
		23F323B02965DBA600E85685 /* AccountViewCardCell.swift in Sources */ = {isa = PBXBuildFile; fileRef = 23F323AF2965DBA600E85685 /* AccountViewCardCell.swift */; };
/* End PBXBuildFile section */

/* Begin PBXFileReference section */
		23F323912965D13F00E85685 /* Tinkoff-SnapKit.app */ = {isa = PBXFileReference; explicitFileType = wrapper.application; includeInIndex = 0; path = "Tinkoff-SnapKit.app"; sourceTree = BUILT_PRODUCTS_DIR; };
		23F323942965D13F00E85685 /* AppDelegate.swift */ = {isa = PBXFileReference; lastKnownFileType = sourcecode.swift; path = AppDelegate.swift; sourceTree = "<group>"; };
		23F323962965D13F00E85685 /* SceneDelegate.swift */ = {isa = PBXFileReference; lastKnownFileType = sourcecode.swift; path = SceneDelegate.swift; sourceTree = "<group>"; };
		23F323982965D13F00E85685 /* ViewController.swift */ = {isa = PBXFileReference; lastKnownFileType = sourcecode.swift; path = ViewController.swift; sourceTree = "<group>"; };
		23F3239B2965D13F00E85685 /* Base */ = {isa = PBXFileReference; lastKnownFileType = file.storyboard; name = Base; path = Base.lproj/Main.storyboard; sourceTree = "<group>"; };
		23F3239D2965D14100E85685 /* Assets.xcassets */ = {isa = PBXFileReference; lastKnownFileType = folder.assetcatalog; path = Assets.xcassets; sourceTree = "<group>"; };
		23F323A02965D14100E85685 /* Base */ = {isa = PBXFileReference; lastKnownFileType = file.storyboard; name = Base; path = Base.lproj/LaunchScreen.storyboard; sourceTree = "<group>"; };
		23F323A22965D14100E85685 /* Info.plist */ = {isa = PBXFileReference; lastKnownFileType = text.plist.xml; path = Info.plist; sourceTree = "<group>"; };
		23F323A82965D15A00E85685 /* AccountView.swift */ = {isa = PBXFileReference; lastKnownFileType = sourcecode.swift; path = AccountView.swift; sourceTree = "<group>"; };
		23F323AD2965D33E00E85685 /* AccountViewInfo.swift */ = {isa = PBXFileReference; lastKnownFileType = sourcecode.swift; path = AccountViewInfo.swift; sourceTree = "<group>"; };
		23F323AF2965DBA600E85685 /* AccountViewCardCell.swift */ = {isa = PBXFileReference; lastKnownFileType = sourcecode.swift; path = AccountViewCardCell.swift; sourceTree = "<group>"; };
/* End PBXFileReference section */

/* Begin PBXFrameworksBuildPhase section */
		23F3238E2965D13F00E85685 /* Frameworks */ = {
			isa = PBXFrameworksBuildPhase;
			buildActionMask = 2147483647;
			files = (
				23F323AC2965D17100E85685 /* SnapKit in Frameworks */,
			);
			runOnlyForDeploymentPostprocessing = 0;
		};
/* End PBXFrameworksBuildPhase section */

/* Begin PBXGroup section */
		23F323882965D13F00E85685 = {
			isa = PBXGroup;
			children = (
				23F323932965D13F00E85685 /* Tinkoff-SnapKit */,
				23F323922965D13F00E85685 /* Products */,
			);
			sourceTree = "<group>";
		};
		23F323922965D13F00E85685 /* Products */ = {
			isa = PBXGroup;
			children = (
				23F323912965D13F00E85685 /* Tinkoff-SnapKit.app */,
			);
			name = Products;
			sourceTree = "<group>";
		};
		23F323932965D13F00E85685 /* Tinkoff-SnapKit */ = {
			isa = PBXGroup;
			children = (
				23F323942965D13F00E85685 /* AppDelegate.swift */,
				23F323962965D13F00E85685 /* SceneDelegate.swift */,
				23F323982965D13F00E85685 /* ViewController.swift */,
				23F3239A2965D13F00E85685 /* Main.storyboard */,
				23F3239D2965D14100E85685 /* Assets.xcassets */,
				23F3239F2965D14100E85685 /* LaunchScreen.storyboard */,
				23F323A22965D14100E85685 /* Info.plist */,
				23F323AD2965D33E00E85685 /* AccountViewInfo.swift */,
				23F323A82965D15A00E85685 /* AccountView.swift */,
				23F323AF2965DBA600E85685 /* AccountViewCardCell.swift */,
			);
			path = "Tinkoff-SnapKit";
			sourceTree = "<group>";
		};
/* End PBXGroup section */

/* Begin PBXNativeTarget section */
		23F323902965D13F00E85685 /* Tinkoff-SnapKit */ = {
			isa = PBXNativeTarget;
			buildConfigurationList = 23F323A52965D14100E85685 /* Build configuration list for PBXNativeTarget "Tinkoff-SnapKit" */;
			buildPhases = (
				23F3238D2965D13F00E85685 /* Sources */,
				23F3238E2965D13F00E85685 /* Frameworks */,
				23F3238F2965D13F00E85685 /* Resources */,
			);
			buildRules = (
			);
			dependencies = (
			);
			name = "Tinkoff-SnapKit";
			packageProductDependencies = (
				23F323AB2965D17100E85685 /* SnapKit */,
			);
			productName = "Tinkoff-SnapKit";
			productReference = 23F323912965D13F00E85685 /* Tinkoff-SnapKit.app */;
			productType = "com.apple.product-type.application";
		};
/* End PBXNativeTarget section */

/* Begin PBXProject section */
		23F323892965D13F00E85685 /* Project object */ = {
			isa = PBXProject;
			attributes = {
				BuildIndependentTargetsInParallel = 1;
				LastSwiftUpdateCheck = 1410;
				LastUpgradeCheck = 1410;
				TargetAttributes = {
					23F323902965D13F00E85685 = {
						CreatedOnToolsVersion = 14.1;
					};
				};
			};
			buildConfigurationList = 23F3238C2965D13F00E85685 /* Build configuration list for PBXProject "Tinkoff-SnapKit" */;
			compatibilityVersion = "Xcode 14.0";
			developmentRegion = en;
			hasScannedForEncodings = 0;
			knownRegions = (
				en,
				Base,
			);
			mainGroup = 23F323882965D13F00E85685;
			packageReferences = (
				23F323AA2965D17100E85685 /* XCRemoteSwiftPackageReference "SnapKit" */,
			);
			productRefGroup = 23F323922965D13F00E85685 /* Products */;
			projectDirPath = "";
			projectRoot = "";
			targets = (
				23F323902965D13F00E85685 /* Tinkoff-SnapKit */,
			);
		};
/* End PBXProject section */

/* Begin PBXResourcesBuildPhase section */
		23F3238F2965D13F00E85685 /* Resources */ = {
			isa = PBXResourcesBuildPhase;
			buildActionMask = 2147483647;
			files = (
				23F323A12965D14100E85685 /* LaunchScreen.storyboard in Resources */,
				23F3239E2965D14100E85685 /* Assets.xcassets in Resources */,
				23F3239C2965D13F00E85685 /* Main.storyboard in Resources */,
			);
			runOnlyForDeploymentPostprocessing = 0;
		};
/* End PBXResourcesBuildPhase section */

/* Begin PBXSourcesBuildPhase section */
		23F3238D2965D13F00E85685 /* Sources */ = {
			isa = PBXSourcesBuildPhase;
			buildActionMask = 2147483647;
			files = (
				23F323A92965D15A00E85685 /* AccountView.swift in Sources */,
				23F323992965D13F00E85685 /* ViewController.swift in Sources */,
				23F323952965D13F00E85685 /* AppDelegate.swift in Sources */,
				23F323972965D13F00E85685 /* SceneDelegate.swift in Sources */,
				23F323B02965DBA600E85685 /* AccountViewCardCell.swift in Sources */,
				23F323AE2965D33E00E85685 /* AccountViewInfo.swift in Sources */,
			);
			runOnlyForDeploymentPostprocessing = 0;
		};
/* End PBXSourcesBuildPhase section */

/* Begin PBXVariantGroup section */
		23F3239A2965D13F00E85685 /* Main.storyboard */ = {
			isa = PBXVariantGroup;
			children = (
				23F3239B2965D13F00E85685 /* Base */,
			);
			name = Main.storyboard;
			sourceTree = "<group>";
		};
		23F3239F2965D14100E85685 /* LaunchScreen.storyboard */ = {
			isa = PBXVariantGroup;
			children = (
				23F323A02965D14100E85685 /* Base */,
			);
			name = LaunchScreen.storyboard;
			sourceTree = "<group>";
		};
/* End PBXVariantGroup section */

/* Begin XCBuildConfiguration section */
		23F323A32965D14100E85685 /* Debug */ = {
			isa = XCBuildConfiguration;
			buildSettings = {
				ALWAYS_SEARCH_USER_PATHS = NO;
				CLANG_ANALYZER_NONNULL = YES;
				CLANG_ANALYZER_NUMBER_OBJECT_CONVERSION = YES_AGGRESSIVE;
				CLANG_CXX_LANGUAGE_STANDARD = "gnu++20";
				CLANG_ENABLE_MODULES = YES;
				CLANG_ENABLE_OBJC_ARC = YES;
				CLANG_ENABLE_OBJC_WEAK = YES;
				CLANG_WARN_BLOCK_CAPTURE_AUTORELEASING = YES;
				CLANG_WARN_BOOL_CONVERSION = YES;
				CLANG_WARN_COMMA = YES;
				CLANG_WARN_CONSTANT_CONVERSION = YES;
				CLANG_WARN_DEPRECATED_OBJC_IMPLEMENTATIONS = YES;
				CLANG_WARN_DIRECT_OBJC_ISA_USAGE = YES_ERROR;
				CLANG_WARN_DOCUMENTATION_COMMENTS = YES;
				CLANG_WARN_EMPTY_BODY = YES;
				CLANG_WARN_ENUM_CONVERSION = YES;
				CLANG_WARN_INFINITE_RECURSION = YES;
				CLANG_WARN_INT_CONVERSION = YES;
				CLANG_WARN_NON_LITERAL_NULL_CONVERSION = YES;
				CLANG_WARN_OBJC_IMPLICIT_RETAIN_SELF = YES;
				CLANG_WARN_OBJC_LITERAL_CONVERSION = YES;
				CLANG_WARN_OBJC_ROOT_CLASS = YES_ERROR;
				CLANG_WARN_QUOTED_INCLUDE_IN_FRAMEWORK_HEADER = YES;
				CLANG_WARN_RANGE_LOOP_ANALYSIS = YES;
				CLANG_WARN_STRICT_PROTOTYPES = YES;
				CLANG_WARN_SUSPICIOUS_MOVE = YES;
				CLANG_WARN_UNGUARDED_AVAILABILITY = YES_AGGRESSIVE;
				CLANG_WARN_UNREACHABLE_CODE = YES;
				CLANG_WARN__DUPLICATE_METHOD_MATCH = YES;
				COPY_PHASE_STRIP = NO;
				DEBUG_INFORMATION_FORMAT = dwarf;
				ENABLE_STRICT_OBJC_MSGSEND = YES;
				ENABLE_TESTABILITY = YES;
				GCC_C_LANGUAGE_STANDARD = gnu11;
				GCC_DYNAMIC_NO_PIC = NO;
				GCC_NO_COMMON_BLOCKS = YES;
				GCC_OPTIMIZATION_LEVEL = 0;
				GCC_PREPROCESSOR_DEFINITIONS = (
					"DEBUG=1",
					"$(inherited)",
				);
				GCC_WARN_64_TO_32_BIT_CONVERSION = YES;
				GCC_WARN_ABOUT_RETURN_TYPE = YES_ERROR;
				GCC_WARN_UNDECLARED_SELECTOR = YES;
				GCC_WARN_UNINITIALIZED_AUTOS = YES_AGGRESSIVE;
				GCC_WARN_UNUSED_FUNCTION = YES;
				GCC_WARN_UNUSED_VARIABLE = YES;
				IPHONEOS_DEPLOYMENT_TARGET = 16.1;
				MTL_ENABLE_DEBUG_INFO = INCLUDE_SOURCE;
				MTL_FAST_MATH = YES;
				ONLY_ACTIVE_ARCH = YES;
				SDKROOT = iphoneos;
				SWIFT_ACTIVE_COMPILATION_CONDITIONS = DEBUG;
				SWIFT_OPTIMIZATION_LEVEL = "-Onone";
			};
			name = Debug;
		};
		23F323A42965D14100E85685 /* Release */ = {
			isa = XCBuildConfiguration;
			buildSettings = {
				ALWAYS_SEARCH_USER_PATHS = NO;
				CLANG_ANALYZER_NONNULL = YES;
				CLANG_ANALYZER_NUMBER_OBJECT_CONVERSION = YES_AGGRESSIVE;
				CLANG_CXX_LANGUAGE_STANDARD = "gnu++20";
				CLANG_ENABLE_MODULES = YES;
				CLANG_ENABLE_OBJC_ARC = YES;
				CLANG_ENABLE_OBJC_WEAK = YES;
				CLANG_WARN_BLOCK_CAPTURE_AUTORELEASING = YES;
				CLANG_WARN_BOOL_CONVERSION = YES;
				CLANG_WARN_COMMA = YES;
				CLANG_WARN_CONSTANT_CONVERSION = YES;
				CLANG_WARN_DEPRECATED_OBJC_IMPLEMENTATIONS = YES;
				CLANG_WARN_DIRECT_OBJC_ISA_USAGE = YES_ERROR;
				CLANG_WARN_DOCUMENTATION_COMMENTS = YES;
				CLANG_WARN_EMPTY_BODY = YES;
				CLANG_WARN_ENUM_CONVERSION = YES;
				CLANG_WARN_INFINITE_RECURSION = YES;
				CLANG_WARN_INT_CONVERSION = YES;
				CLANG_WARN_NON_LITERAL_NULL_CONVERSION = YES;
				CLANG_WARN_OBJC_IMPLICIT_RETAIN_SELF = YES;
				CLANG_WARN_OBJC_LITERAL_CONVERSION = YES;
				CLANG_WARN_OBJC_ROOT_CLASS = YES_ERROR;
				CLANG_WARN_QUOTED_INCLUDE_IN_FRAMEWORK_HEADER = YES;
				CLANG_WARN_RANGE_LOOP_ANALYSIS = YES;
				CLANG_WARN_STRICT_PROTOTYPES = YES;
				CLANG_WARN_SUSPICIOUS_MOVE = YES;
				CLANG_WARN_UNGUARDED_AVAILABILITY = YES_AGGRESSIVE;
				CLANG_WARN_UNREACHABLE_CODE = YES;
				CLANG_WARN__DUPLICATE_METHOD_MATCH = YES;
				COPY_PHASE_STRIP = NO;
				DEBUG_INFORMATION_FORMAT = "dwarf-with-dsym";
				ENABLE_NS_ASSERTIONS = NO;
				ENABLE_STRICT_OBJC_MSGSEND = YES;
				GCC_C_LANGUAGE_STANDARD = gnu11;
				GCC_NO_COMMON_BLOCKS = YES;
				GCC_WARN_64_TO_32_BIT_CONVERSION = YES;
				GCC_WARN_ABOUT_RETURN_TYPE = YES_ERROR;
				GCC_WARN_UNDECLARED_SELECTOR = YES;
				GCC_WARN_UNINITIALIZED_AUTOS = YES_AGGRESSIVE;
				GCC_WARN_UNUSED_FUNCTION = YES;
				GCC_WARN_UNUSED_VARIABLE = YES;
				IPHONEOS_DEPLOYMENT_TARGET = 16.1;
				MTL_ENABLE_DEBUG_INFO = NO;
				MTL_FAST_MATH = YES;
				SDKROOT = iphoneos;
				SWIFT_COMPILATION_MODE = wholemodule;
				SWIFT_OPTIMIZATION_LEVEL = "-O";
				VALIDATE_PRODUCT = YES;
			};
			name = Release;
		};
		23F323A62965D14100E85685 /* Debug */ = {
			isa = XCBuildConfiguration;
			buildSettings = {
				ASSETCATALOG_COMPILER_APPICON_NAME = AppIcon;
				ASSETCATALOG_COMPILER_GLOBAL_ACCENT_COLOR_NAME = AccentColor;
				CODE_SIGN_STYLE = Automatic;
				CURRENT_PROJECT_VERSION = 1;
				DEVELOPMENT_TEAM = S256F93A4R;
				GENERATE_INFOPLIST_FILE = YES;
				INFOPLIST_FILE = "Tinkoff-SnapKit/Info.plist";
				INFOPLIST_KEY_UIApplicationSupportsIndirectInputEvents = YES;
				INFOPLIST_KEY_UILaunchStoryboardName = LaunchScreen;
				INFOPLIST_KEY_UIMainStoryboardFile = Main;
				INFOPLIST_KEY_UISupportedInterfaceOrientations_iPad = "UIInterfaceOrientationPortrait UIInterfaceOrientationPortraitUpsideDown UIInterfaceOrientationLandscapeLeft UIInterfaceOrientationLandscapeRight";
				INFOPLIST_KEY_UISupportedInterfaceOrientations_iPhone = "UIInterfaceOrientationPortrait UIInterfaceOrientationLandscapeLeft UIInterfaceOrientationLandscapeRight";
				LD_RUNPATH_SEARCH_PATHS = (
					"$(inherited)",
					"@executable_path/Frameworks",
				);
				MARKETING_VERSION = 1.0;
				PRODUCT_BUNDLE_IDENTIFIER = "supereasydev.Tinkoff-SnapKit";
				PRODUCT_NAME = "$(TARGET_NAME)";
				SWIFT_EMIT_LOC_STRINGS = YES;
				SWIFT_VERSION = 5.0;
				TARGETED_DEVICE_FAMILY = "1,2";
			};
			name = Debug;
		};
		23F323A72965D14100E85685 /* Release */ = {
			isa = XCBuildConfiguration;
			buildSettings = {
				ASSETCATALOG_COMPILER_APPICON_NAME = AppIcon;
				ASSETCATALOG_COMPILER_GLOBAL_ACCENT_COLOR_NAME = AccentColor;
				CODE_SIGN_STYLE = Automatic;
				CURRENT_PROJECT_VERSION = 1;
				DEVELOPMENT_TEAM = S256F93A4R;
				GENERATE_INFOPLIST_FILE = YES;
				INFOPLIST_FILE = "Tinkoff-SnapKit/Info.plist";
				INFOPLIST_KEY_UIApplicationSupportsIndirectInputEvents = YES;
				INFOPLIST_KEY_UILaunchStoryboardName = LaunchScreen;
				INFOPLIST_KEY_UIMainStoryboardFile = Main;
				INFOPLIST_KEY_UISupportedInterfaceOrientations_iPad = "UIInterfaceOrientationPortrait UIInterfaceOrientationPortraitUpsideDown UIInterfaceOrientationLandscapeLeft UIInterfaceOrientationLandscapeRight";
				INFOPLIST_KEY_UISupportedInterfaceOrientations_iPhone = "UIInterfaceOrientationPortrait UIInterfaceOrientationLandscapeLeft UIInterfaceOrientationLandscapeRight";
				LD_RUNPATH_SEARCH_PATHS = (
					"$(inherited)",
					"@executable_path/Frameworks",
				);
				MARKETING_VERSION = 1.0;
				PRODUCT_BUNDLE_IDENTIFIER = "supereasydev.Tinkoff-SnapKit";
				PRODUCT_NAME = "$(TARGET_NAME)";
				SWIFT_EMIT_LOC_STRINGS = YES;
				SWIFT_VERSION = 5.0;
				TARGETED_DEVICE_FAMILY = "1,2";
			};
			name = Release;
		};
/* End XCBuildConfiguration section */

/* Begin XCConfigurationList section */
		23F3238C2965D13F00E85685 /* Build configuration list for PBXProject "Tinkoff-SnapKit" */ = {
			isa = XCConfigurationList;
			buildConfigurations = (
				23F323A32965D14100E85685 /* Debug */,
				23F323A42965D14100E85685 /* Release */,
			);
			defaultConfigurationIsVisible = 0;
			defaultConfigurationName = Release;
		};
		23F323A52965D14100E85685 /* Build configuration list for PBXNativeTarget "Tinkoff-SnapKit" */ = {
			isa = XCConfigurationList;
			buildConfigurations = (
				23F323A62965D14100E85685 /* Debug */,
				23F323A72965D14100E85685 /* Release */,
			);
			defaultConfigurationIsVisible = 0;
			defaultConfigurationName = Release;
		};
/* End XCConfigurationList section */

/* Begin XCRemoteSwiftPackageReference section */
		23F323AA2965D17100E85685 /* XCRemoteSwiftPackageReference "SnapKit" */ = {
			isa = XCRemoteSwiftPackageReference;
			repositoryURL = "https://github.com/SnapKit/SnapKit.git";
			requirement = {
				kind = upToNextMajorVersion;
				minimumVersion = 5.0.0;
			};
		};
/* End XCRemoteSwiftPackageReference section */

/* Begin XCSwiftPackageProductDependency section */
		23F323AB2965D17100E85685 /* SnapKit */ = {
			isa = XCSwiftPackageProductDependency;
			package = 23F323AA2965D17100E85685 /* XCRemoteSwiftPackageReference "SnapKit" */;
			productName = SnapKit;
		};
/* End XCSwiftPackageProductDependency section */
	};
	rootObject = 23F323892965D13F00E85685 /* Project object */;
}
